<?xml version="1.0" encoding="utf-8"?>
<Project ToolsVersion="4.0" xmlns="http://schemas.microsoft.com/developer/msbuild/2003">
  <ItemGroup>
    <ClCompile Include="Audio\AudioListener.cpp">
      <Filter>Source</Filter>
    </ClCompile>
    <ClCompile Include="Audio\AudioSource.cpp">
      <Filter>Source</Filter>
    </ClCompile>
    <ClCompile Include="Crest.cpp">
      <Filter>Source</Filter>
    </ClCompile>
    <ClCompile Include="FileLoader.cpp">
      <Filter>Source</Filter>
    </ClCompile>
    <ClCompile Include="GameObject.cpp">
      <Filter>Source</Filter>
    </ClCompile>
    <ClCompile Include="Input.cpp">
      <Filter>Source</Filter>
    </ClCompile>
    <ClCompile Include="MovingObject.cpp">
      <Filter>Source</Filter>
    </ClCompile>
    <ClCompile Include="PhysicsManager.cpp">
      <Filter>Source</Filter>
    </ClCompile>
    <ClCompile Include="Player.cpp">
      <Filter>Source</Filter>
    </ClCompile>
    <ClCompile Include="Projectile.cpp">
      <Filter>Source</Filter>
    </ClCompile>
    <ClCompile Include="PVGame.cpp">
      <Filter>Source</Filter>
    </ClCompile>
    <ClCompile Include="Room.cpp">
      <Filter>Source</Filter>
    </ClCompile>
    <ClCompile Include="Common\TextureMgr.cpp">
      <Filter>Source</Filter>
    </ClCompile>
    <ClCompile Include="Turret.cpp">
      <Filter>Source</Filter>
    </ClCompile>
    <ClCompile Include="FW1FontWrapper\CFW1ColorRGBA.cpp">
      <Filter>Font</Filter>
    </ClCompile>
    <ClCompile Include="FW1FontWrapper\CFW1TextRendererInterface.cpp">
      <Filter>Font</Filter>
    </ClCompile>
    <ClCompile Include="FW1FontWrapper\CFW1ColorRGBAInterface.cpp">
      <Filter>Font</Filter>
    </ClCompile>
    <ClCompile Include="FW1FontWrapper\CFW1DWriteRenderTarget.cpp">
      <Filter>Font</Filter>
    </ClCompile>
    <ClCompile Include="FW1FontWrapper\CFW1DWriteRenderTargetInterface.cpp">
      <Filter>Font</Filter>
    </ClCompile>
    <ClCompile Include="FW1FontWrapper\CFW1Factory.cpp">
      <Filter>Font</Filter>
    </ClCompile>
    <ClCompile Include="FW1FontWrapper\CFW1FactoryInterface.cpp">
      <Filter>Font</Filter>
    </ClCompile>
    <ClCompile Include="FW1FontWrapper\CFW1FontWrapper.cpp">
      <Filter>Font</Filter>
    </ClCompile>
    <ClCompile Include="FW1FontWrapper\CFW1FontWrapperInterface.cpp">
      <Filter>Font</Filter>
    </ClCompile>
    <ClCompile Include="FW1FontWrapper\CFW1GlyphAtlas.cpp">
      <Filter>Font</Filter>
    </ClCompile>
    <ClCompile Include="FW1FontWrapper\CFW1GlyphAtlasInterface.cpp">
      <Filter>Font</Filter>
    </ClCompile>
    <ClCompile Include="FW1FontWrapper\CFW1GlyphProvider.cpp">
      <Filter>Font</Filter>
    </ClCompile>
    <ClCompile Include="FW1FontWrapper\CFW1GlyphProviderInterface.cpp">
      <Filter>Font</Filter>
    </ClCompile>
    <ClCompile Include="FW1FontWrapper\CFW1GlyphRenderStates.cpp">
      <Filter>Font</Filter>
    </ClCompile>
    <ClCompile Include="FW1FontWrapper\CFW1GlyphRenderStatesInterface.cpp">
      <Filter>Font</Filter>
    </ClCompile>
    <ClCompile Include="FW1FontWrapper\CFW1GlyphSheet.cpp">
      <Filter>Font</Filter>
    </ClCompile>
    <ClCompile Include="FW1FontWrapper\CFW1GlyphSheetInterface.cpp">
      <Filter>Font</Filter>
    </ClCompile>
    <ClCompile Include="FW1FontWrapper\CFW1GlyphVertexDrawer.cpp">
      <Filter>Font</Filter>
    </ClCompile>
    <ClCompile Include="FW1FontWrapper\CFW1GlyphVertexDrawerInterface.cpp">
      <Filter>Font</Filter>
    </ClCompile>
    <ClCompile Include="FW1FontWrapper\CFW1StateSaver.cpp">
      <Filter>Font</Filter>
    </ClCompile>
    <ClCompile Include="FW1FontWrapper\CFW1TextGeometry.cpp">
      <Filter>Font</Filter>
    </ClCompile>
    <ClCompile Include="FW1FontWrapper\CFW1TextGeometryInterface.cpp">
      <Filter>Font</Filter>
    </ClCompile>
    <ClCompile Include="FW1FontWrapper\CFW1TextRenderer.cpp">
      <Filter>Font</Filter>
    </ClCompile>
    <ClCompile Include="FW1FontWrapper\FW1FontWrapper.cpp">
      <Filter>Font</Filter>
    </ClCompile>
    <ClCompile Include="FW1FontWrapper\FW1Precompiled.cpp">
      <Filter>Font</Filter>
    </ClCompile>
    <ClCompile Include="Common\Camera.cpp">
      <Filter>Source</Filter>
    </ClCompile>
    <ClCompile Include="Common\d3dApp.cpp">
      <Filter>Luna</Filter>
    </ClCompile>
    <ClCompile Include="Common\d3dUtil.cpp">
      <Filter>Luna</Filter>
    </ClCompile>
    <ClCompile Include="Common\GameTimer.cpp">
      <Filter>Luna</Filter>
    </ClCompile>
    <ClCompile Include="Common\GeometryGenerator.cpp">
      <Filter>Luna</Filter>
    </ClCompile>
    <ClCompile Include="Common\LightHelper.cpp">
      <Filter>Luna</Filter>
    </ClCompile>
    <ClCompile Include="Common\MathHelper.cpp">
      <Filter>Luna</Filter>
    </ClCompile>
    <ClCompile Include="Common\Waves.cpp">
      <Filter>Luna</Filter>
    </ClCompile>
    <ClCompile Include="Common\xnacollision.cpp">
      <Filter>Luna</Filter>
    </ClCompile>
    <ClCompile Include="tinyxml2.cpp">
      <Filter>XML</Filter>
    </ClCompile>
    <ClCompile Include="RiftManager.cpp">
      <Filter>Source</Filter>
    </ClCompile>
    <ClCompile Include="Common\Sky.cpp">
      <Filter>Luna</Filter>
    </ClCompile>
  </ItemGroup>
  <ItemGroup>
    <ClInclude Include="FW1FontWrapper\CFW1ColorRGBA.h">
      <Filter>Font</Filter>
    </ClInclude>
    <ClInclude Include="FW1FontWrapper\CFW1DWriteRenderTarget.h">
      <Filter>Font</Filter>
    </ClInclude>
    <ClInclude Include="FW1FontWrapper\CFW1Factory.h">
      <Filter>Font</Filter>
    </ClInclude>
    <ClInclude Include="FW1FontWrapper\CFW1FontWrapper.h">
      <Filter>Font</Filter>
    </ClInclude>
    <ClInclude Include="FW1FontWrapper\CFW1GlyphAtlas.h">
      <Filter>Font</Filter>
    </ClInclude>
    <ClInclude Include="FW1FontWrapper\CFW1GlyphProvider.h">
      <Filter>Font</Filter>
    </ClInclude>
    <ClInclude Include="FW1FontWrapper\CFW1GlyphRenderStates.h">
      <Filter>Font</Filter>
    </ClInclude>
    <ClInclude Include="FW1FontWrapper\CFW1GlyphSheet.h">
      <Filter>Font</Filter>
    </ClInclude>
    <ClInclude Include="FW1FontWrapper\CFW1GlyphVertexDrawer.h">
      <Filter>Font</Filter>
    </ClInclude>
    <ClInclude Include="FW1FontWrapper\CFW1Object.h">
      <Filter>Font</Filter>
    </ClInclude>
    <ClInclude Include="FW1FontWrapper\CFW1StateSaver.h">
      <Filter>Font</Filter>
    </ClInclude>
    <ClInclude Include="FW1FontWrapper\CFW1TextGeometry.h">
      <Filter>Font</Filter>
    </ClInclude>
    <ClInclude Include="FW1FontWrapper\CFW1TextRenderer.h">
      <Filter>Font</Filter>
    </ClInclude>
    <ClInclude Include="FW1FontWrapper\FW1CompileSettings.h">
      <Filter>Font</Filter>
    </ClInclude>
    <ClInclude Include="FW1FontWrapper\FW1FontWrapper.h">
      <Filter>Font</Filter>
    </ClInclude>
    <ClInclude Include="FW1FontWrapper\FW1Precompiled.h">
      <Filter>Font</Filter>
    </ClInclude>
    <ClInclude Include="Audio\AudioListener.h">
      <Filter>SHeaders</Filter>
    </ClInclude>
    <ClInclude Include="Audio\AudioSource.h">
      <Filter>SHeaders</Filter>
    </ClInclude>
    <ClInclude Include="Crest.h">
      <Filter>SHeaders</Filter>
    </ClInclude>
    <ClInclude Include="FileLoader.h">
      <Filter>SHeaders</Filter>
    </ClInclude>
    <ClInclude Include="GameObject.h">
      <Filter>SHeaders</Filter>
    </ClInclude>
    <ClInclude Include="Input.h">
      <Filter>SHeaders</Filter>
    </ClInclude>
    <ClInclude Include="MovingObject.h">
      <Filter>SHeaders</Filter>
    </ClInclude>
    <ClInclude Include="PhysicsManager.h">
      <Filter>SHeaders</Filter>
    </ClInclude>
    <ClInclude Include="Player.h">
      <Filter>SHeaders</Filter>
    </ClInclude>
    <ClInclude Include="Projectile.h">
      <Filter>SHeaders</Filter>
    </ClInclude>
    <ClInclude Include="PVGame.h">
      <Filter>SHeaders</Filter>
    </ClInclude>
    <ClInclude Include="RenderManager.h">
      <Filter>SHeaders</Filter>
    </ClInclude>
    <ClInclude Include="Room.h">
      <Filter>SHeaders</Filter>
    </ClInclude>
    <ClInclude Include="Common\TextureMgr.h">
      <Filter>SHeaders</Filter>
    </ClInclude>
    <ClInclude Include="Common\Camera.h">
      <Filter>SHeaders</Filter>
    </ClInclude>
    <ClInclude Include="Constants.h">
      <Filter>SHeaders</Filter>
    </ClInclude>
    <ClInclude Include="Common\d3dApp.h">
      <Filter>Luna</Filter>
    </ClInclude>
    <ClInclude Include="Common\d3dUtil.h">
      <Filter>Luna</Filter>
    </ClInclude>
    <ClInclude Include="Common\d3dx11effect.h">
      <Filter>Luna</Filter>
    </ClInclude>
    <ClInclude Include="Common\GameTimer.h">
      <Filter>Luna</Filter>
    </ClInclude>
    <ClInclude Include="Common\GeometryGenerator.h">
      <Filter>Luna</Filter>
    </ClInclude>
    <ClInclude Include="Common\LightHelper.h">
      <Filter>Luna</Filter>
    </ClInclude>
    <ClInclude Include="Common\MathHelper.h">
      <Filter>Luna</Filter>
    </ClInclude>
    <ClInclude Include="Common\Waves.h">
      <Filter>Luna</Filter>
    </ClInclude>
    <ClInclude Include="Common\xnacollision.h">
      <Filter>Luna</Filter>
    </ClInclude>
    <ClInclude Include="tinyxml2.h">
      <Filter>XML</Filter>
    </ClInclude>
    <ClInclude Include="Turret.h">
      <Filter>SHeaders</Filter>
    </ClInclude>
    <ClInclude Include="RiftManager.h">
      <Filter>SHeaders</Filter>
    </ClInclude>
    <ClInclude Include="Common\Sky.h">
      <Filter>Luna</Filter>
    </ClInclude>
  </ItemGroup>
  <ItemGroup>
    <CustomBuild Include="FX\Basic.fx">
      <Filter>Shaders</Filter>
    </CustomBuild>
    <CustomBuild Include="FX\HardwareInstancing.fx">
      <Filter>Shaders</Filter>
    </CustomBuild>
    <CustomBuild Include="FX\Lighting.fx">
      <Filter>Shaders</Filter>
    </CustomBuild>
  </ItemGroup>
  <ItemGroup>
    <None Include="FX\color.cod">
      <Filter>Shaders</Filter>
    </None>
    <None Include="FX\LightHelper.fx">
      <Filter>Shaders</Filter>
    </None>
    <None Include="Assets\Materials.xml">
      <Filter>XML</Filter>
    </None>
    <None Include="Assets\SurfaceMaterials.xml">
      <Filter>XML</Filter>
    </None>
    <None Include="Assets\Textures.xml">
      <Filter>XML</Filter>
    </None>
  </ItemGroup>
  <ItemGroup>
    <Library Include="Common\Effects11d.lib">
      <Filter>Luna</Filter>
    </Library>
    <Library Include="Common\Effects11.lib">
      <Filter>Luna</Filter>
    </Library>
  </ItemGroup>
  <ItemGroup>
    <Filter Include="Font">
      <UniqueIdentifier>{efff8ceb-7dd0-4771-9fe0-e0002bdd7fec}</UniqueIdentifier>
    </Filter>
    <Filter Include="Luna">
      <UniqueIdentifier>{fb3fca86-84dd-44df-ad52-e2c7c60cd15d}</UniqueIdentifier>
    </Filter>
    <Filter Include="Source">
      <UniqueIdentifier>{26a55b6f-c56d-4797-9332-e742698339cc}</UniqueIdentifier>
    </Filter>
    <Filter Include="XML">
      <UniqueIdentifier>{f10fd82b-3b6a-48b8-bd6d-1feb03366fab}</UniqueIdentifier>
    </Filter>
    <Filter Include="Shaders">
      <UniqueIdentifier>{084914fc-6d38-47d7-9605-481cb6426485}</UniqueIdentifier>
    </Filter>
    <Filter Include="SHeaders">
      <UniqueIdentifier>{68aeb45f-7ac5-4175-904f-e6fe0f483585}</UniqueIdentifier>
    </Filter>
  </ItemGroup>
</Project>