<?xml version="1.0" encoding="utf-8"?>
<Project ToolsVersion="4.0" xmlns="http://schemas.microsoft.com/developer/msbuild/2003">
  <ItemGroup>
    <Filter Include="Source Files">
      <UniqueIdentifier>{4FC737F1-C7A5-4376-A066-2A32D752A2FF}</UniqueIdentifier>
      <Extensions>cpp;c;cc;cxx;def;odl;idl;hpj;bat;asm;asmx</Extensions>
    </Filter>
    <Filter Include="Header Files">
      <UniqueIdentifier>{93995380-89BD-4b04-88EB-625FBE52EBFB}</UniqueIdentifier>
      <Extensions>h;hpp;hxx;hm;inl;inc;xsd</Extensions>
    </Filter>
    <Filter Include="Resource Files">
      <UniqueIdentifier>{67DA6AB6-F800-4c08-8B7A-83BB121AAD01}</UniqueIdentifier>
      <Extensions>rc;ico;cur;bmp;dlg;rc2;rct;bin;rgs;gif;jpg;jpeg;jpe;resx;tiff;tif;png;wav;mfcribbon-ms</Extensions>
    </Filter>
    <Filter Include="Common">
      <UniqueIdentifier>{2d836ca6-9641-42d2-8ed6-9bcf4e1011f9}</UniqueIdentifier>
    </Filter>
    <Filter Include="FX">
      <UniqueIdentifier>{65ed053b-d147-4329-be15-ce7deeea5954}</UniqueIdentifier>
    </Filter>
    <Filter Include="Audio">
      <UniqueIdentifier>{131f6860-5c77-4a12-a819-5eca64bf0ee2}</UniqueIdentifier>
    </Filter>
    <Filter Include="TinyXML2">
      <UniqueIdentifier>{50e790db-797f-4a0f-8993-e8cf7f3ce623}</UniqueIdentifier>
    </Filter>
    <Filter Include="XML Files">
      <UniqueIdentifier>{efd5f48c-12e2-44bf-861a-73856ec6afcd}</UniqueIdentifier>
    </Filter>
  </ItemGroup>
  <ItemGroup>
    <ClCompile Include="Common\Camera.cpp">
      <Filter>Common</Filter>
    </ClCompile>
    <ClCompile Include="Common\d3dApp.cpp">
      <Filter>Common</Filter>
    </ClCompile>
    <ClCompile Include="Common\d3dUtil.cpp">
      <Filter>Common</Filter>
    </ClCompile>
    <ClCompile Include="Common\GameTimer.cpp">
      <Filter>Common</Filter>
    </ClCompile>
    <ClCompile Include="Common\GeometryGenerator.cpp">
      <Filter>Common</Filter>
    </ClCompile>
    <ClCompile Include="Common\LightHelper.cpp">
      <Filter>Common</Filter>
    </ClCompile>
    <ClCompile Include="Common\MathHelper.cpp">
      <Filter>Common</Filter>
    </ClCompile>
    <ClCompile Include="Common\TextureMgr.cpp">
      <Filter>Common</Filter>
    </ClCompile>
    <ClCompile Include="Common\Waves.cpp">
      <Filter>Common</Filter>
    </ClCompile>
    <ClCompile Include="Common\xnacollision.cpp">
      <Filter>Common</Filter>
    </ClCompile>
    <ClCompile Include="Input.cpp">
      <Filter>Source Files</Filter>
    </ClCompile>
    <ClCompile Include="Player.cpp">
      <Filter>Source Files</Filter>
    </ClCompile>
    <ClCompile Include="PVGame.cpp">
      <Filter>Source Files</Filter>
    </ClCompile>
    <ClCompile Include="Audio\AudioListener.cpp">
      <Filter>Audio</Filter>
    </ClCompile>
    <ClCompile Include="Audio\AudioSource.cpp">
      <Filter>Audio</Filter>
    </ClCompile>
    <ClCompile Include="tinyxml2.cpp">
      <Filter>TinyXML2</Filter>
    </ClCompile>
    <ClCompile Include="FileLoader.cpp">
      <Filter>Source Files</Filter>
    </ClCompile>
    <ClCompile Include="PhysicsManager.cpp">
      <Filter>Source Files</Filter>
    </ClCompile>
    <ClCompile Include="GameObject.cpp">
      <Filter>Source Files</Filter>
    </ClCompile>
    <ClCompile Include="Crest.cpp">
      <Filter>Source Files</Filter>
    </ClCompile>
    <ClCompile Include="Room.cpp">
      <Filter>Source Files</Filter>
    </ClCompile>
  </ItemGroup>
  <ItemGroup>
    <ClInclude Include="Common\Camera.h">
      <Filter>Common</Filter>
    </ClInclude>
    <ClInclude Include="Common\d3dApp.h">
      <Filter>Common</Filter>
    </ClInclude>
    <ClInclude Include="Common\d3dUtil.h">
      <Filter>Common</Filter>
    </ClInclude>
    <ClInclude Include="Common\d3dx11effect.h">
      <Filter>Common</Filter>
    </ClInclude>
    <ClInclude Include="Common\GameTimer.h">
      <Filter>Common</Filter>
    </ClInclude>
    <ClInclude Include="Common\GeometryGenerator.h">
      <Filter>Common</Filter>
    </ClInclude>
    <ClInclude Include="Common\LightHelper.h">
      <Filter>Common</Filter>
    </ClInclude>
    <ClInclude Include="Common\MathHelper.h">
      <Filter>Common</Filter>
    </ClInclude>
    <ClInclude Include="Common\TextureMgr.h">
      <Filter>Common</Filter>
    </ClInclude>
    <ClInclude Include="Common\Waves.h">
      <Filter>Common</Filter>
    </ClInclude>
    <ClInclude Include="Common\xnacollision.h">
      <Filter>Common</Filter>
    </ClInclude>
    <ClInclude Include="Input.h">
      <Filter>Header Files</Filter>
    </ClInclude>
    <ClInclude Include="Player.h">
      <Filter>Header Files</Filter>
    </ClInclude>
    <ClInclude Include="PVGame.h">
      <Filter>Header Files</Filter>
    </ClInclude>
    <ClInclude Include="Audio\AudioListener.h">
      <Filter>Audio</Filter>
    </ClInclude>
    <ClInclude Include="Audio\AudioSource.h">
      <Filter>Audio</Filter>
    </ClInclude>
    <ClInclude Include="tinyxml2.h">
      <Filter>TinyXML2</Filter>
    </ClInclude>
    <ClInclude Include="Constants.h">
      <Filter>Header Files</Filter>
    </ClInclude>
    <ClInclude Include="RenderManager.h">
      <Filter>Header Files</Filter>
    </ClInclude>
    <ClInclude Include="FileLoader.h">
      <Filter>Header Files</Filter>
    </ClInclude>
    <ClInclude Include="GameObject.h">
      <Filter>Header Files</Filter>
    </ClInclude>
    <ClInclude Include="PhysicsManager.h">
      <Filter>Header Files</Filter>
    </ClInclude>
    <ClInclude Include="Crest.h">
      <Filter>Header Files</Filter>
    </ClInclude>
    <ClInclude Include="Room.h">
      <Filter>Header Files</Filter>
    </ClInclude>
  </ItemGroup>
  <ItemGroup>
    <Library Include="Common\Effects11.lib">
      <Filter>Common</Filter>
    </Library>
    <Library Include="Common\Effects11d.lib">
      <Filter>Common</Filter>
    </Library>
  </ItemGroup>
  <ItemGroup>
    <None Include="FX\color.cod">
      <Filter>FX</Filter>
    </None>
    <None Include="FX\LightHelper.fx">
      <Filter>FX</Filter>
    </None>
    <None Include="Assets\Materials.xml">
      <Filter>XML Files</Filter>
    </None>
    <None Include="Assets\SurfaceMaterials.xml">
      <Filter>XML Files</Filter>
    </None>
    <None Include="Assets\Textures.xml">
      <Filter>XML Files</Filter>
    </None>
  </ItemGroup>
  <ItemGroup>
    <CustomBuild Include="FX\Basic.fx">
      <Filter>FX</Filter>
    </CustomBuild>
    <CustomBuild Include="FX\Lighting.fx">
      <Filter>FX</Filter>
    </CustomBuild>
    <CustomBuild Include="FX\HardwareInstancing.fx" />
  </ItemGroup>
</Project>